
Microsoft Visual Studio Solution File, Format Version 12.00
# Visual Studio 2013
VisualStudioVersion = 12.0.40629.0
MinimumVisualStudioVersion = 10.0.40219.1
Project("{8BC9CEB8-8B4A-11D0-8D11-00A0C91BC942}") = "00_Find", "00_Find\00_Find.vcxproj", "{93A7B33A-241F-4F33-991D-B9CAF150B275}"
EndProject
Project("{8BC9CEB8-8B4A-11D0-8D11-00A0C91BC942}") = "03_reConstructBinaryTree", "03_reConstructBinaryTree\03_reConstructBinaryTree.vcxproj", "{999AF67D-7850-4505-A471-53861894932F}"
EndProject
Project("{8BC9CEB8-8B4A-11D0-8D11-00A0C91BC942}") = "01_string_replace", "01_string_replace\01_string_replace.vcxproj", "{5DD59279-9B43-4415-B757-6BD627DCF1E5}"
EndProject
Project("{8BC9CEB8-8B4A-11D0-8D11-00A0C91BC942}") = "02_popArrayList", "02_popArrayList\02_popArrayList.vcxproj", "{7D3DE113-A27F-4BBB-8C71-422CA9261582}"
EndProject
Project("{8BC9CEB8-8B4A-11D0-8D11-00A0C91BC942}") = "04_stack2queue", "04_stack2queue\04_stack2queue.vcxproj", "{B7F1D766-E636-4FCC-8813-7517C3021765}"
EndProject
Project("{8BC9CEB8-8B4A-11D0-8D11-00A0C91BC942}") = "05_Find_Minimum_in_Rotated_Sorted_Array", "05_Find_Minimum_in_Rotated_Sorted_Array\05_Find_Minimum_in_Rotated_Sorted_Array.vcxproj", "{67766AB2-4B3C-4007-B2F4-587ADE882C3B}"
EndProject
Project("{8BC9CEB8-8B4A-11D0-8D11-00A0C91BC942}") = "06_Fibonacc", "06_Fibonacc\06_Fibonacc.vcxproj", "{4BB5B556-97BE-4BFA-BC05-945D76387086}"
EndProject
Project("{8BC9CEB8-8B4A-11D0-8D11-00A0C91BC942}") = "07_jumpstep", "07_jumpstep\07_jumpstep.vcxproj", "{F4751869-0CF6-4985-AD84-FC0BC7F9D26C}"
EndProject
Project("{8BC9CEB8-8B4A-11D0-8D11-00A0C91BC942}") = "08_jumpFloorII", "08_jumpFloorII\08_jumpFloorII.vcxproj", "{4488A243-62AC-4D94-A86C-14D1D1B3876C}"
EndProject
Project("{8BC9CEB8-8B4A-11D0-8D11-00A0C91BC942}") = "09_rectCover", "09_rectCover\09_rectCover.vcxproj", "{4C1BAA1E-2CE6-4DFC-A37D-AED5EDED5584}"
EndProject
Project("{8BC9CEB8-8B4A-11D0-8D11-00A0C91BC942}") = "10_NumberOf1", "10_NumberOf1\10_NumberOf1.vcxproj", "{3A9E8119-C030-4732-9CE1-28D6D47B174A}"
EndProject
Project("{8BC9CEB8-8B4A-11D0-8D11-00A0C91BC942}") = "11_Power", "11_Power\11_Power.vcxproj", "{B94F1B7F-9A2F-4807-B448-C99ACA70A6F2}"
EndProject
Project("{8BC9CEB8-8B4A-11D0-8D11-00A0C91BC942}") = "12_reOrderArray", "12_reOrderArray\12_reOrderArray.vcxproj", "{46EE1F1E-680D-4021-AAAA-564BDFDFD573}"
EndProject
Project("{8BC9CEB8-8B4A-11D0-8D11-00A0C91BC942}") = "13_FindKthToTail", "13_FindKthToTail\13_FindKthToTail.vcxproj", "{4066D1E3-984D-4006-8358-E32240E5F0A5}"
EndProject
Project("{8BC9CEB8-8B4A-11D0-8D11-00A0C91BC942}") = "get_Average", "get_Average\get_Average.vcxproj", "{1BB0E7A3-0C24-406F-AE6B-CBD97E62196C}"
EndProject
Global
	GlobalSection(SolutionConfigurationPlatforms) = preSolution
		Debug|Win32 = Debug|Win32
		Debug|x64 = Debug|x64
		Release|Win32 = Release|Win32
		Release|x64 = Release|x64
	EndGlobalSection
	GlobalSection(ProjectConfigurationPlatforms) = postSolution
		{93A7B33A-241F-4F33-991D-B9CAF150B275}.Debug|Win32.ActiveCfg = Debug|Win32
		{93A7B33A-241F-4F33-991D-B9CAF150B275}.Debug|Win32.Build.0 = Debug|Win32
		{93A7B33A-241F-4F33-991D-B9CAF150B275}.Debug|x64.ActiveCfg = Debug|Win32
		{93A7B33A-241F-4F33-991D-B9CAF150B275}.Release|Win32.ActiveCfg = Release|Win32
		{93A7B33A-241F-4F33-991D-B9CAF150B275}.Release|Win32.Build.0 = Release|Win32
		{93A7B33A-241F-4F33-991D-B9CAF150B275}.Release|x64.ActiveCfg = Release|Win32
		{999AF67D-7850-4505-A471-53861894932F}.Debug|Win32.ActiveCfg = Debug|Win32
		{999AF67D-7850-4505-A471-53861894932F}.Debug|Win32.Build.0 = Debug|Win32
		{999AF67D-7850-4505-A471-53861894932F}.Debug|x64.ActiveCfg = Debug|Win32
		{999AF67D-7850-4505-A471-53861894932F}.Release|Win32.ActiveCfg = Release|Win32
		{999AF67D-7850-4505-A471-53861894932F}.Release|Win32.Build.0 = Release|Win32
		{999AF67D-7850-4505-A471-53861894932F}.Release|x64.ActiveCfg = Release|Win32
		{5DD59279-9B43-4415-B757-6BD627DCF1E5}.Debug|Win32.ActiveCfg = Debug|Win32
		{5DD59279-9B43-4415-B757-6BD627DCF1E5}.Debug|Win32.Build.0 = Debug|Win32
		{5DD59279-9B43-4415-B757-6BD627DCF1E5}.Debug|x64.ActiveCfg = Debug|x64
		{5DD59279-9B43-4415-B757-6BD627DCF1E5}.Debug|x64.Build.0 = Debug|x64
		{5DD59279-9B43-4415-B757-6BD627DCF1E5}.Release|Win32.ActiveCfg = Release|Win32
		{5DD59279-9B43-4415-B757-6BD627DCF1E5}.Release|Win32.Build.0 = Release|Win32
		{5DD59279-9B43-4415-B757-6BD627DCF1E5}.Release|x64.ActiveCfg = Release|x64
		{5DD59279-9B43-4415-B757-6BD627DCF1E5}.Release|x64.Build.0 = Release|x64
		{7D3DE113-A27F-4BBB-8C71-422CA9261582}.Debug|Win32.ActiveCfg = Debug|Win32
		{7D3DE113-A27F-4BBB-8C71-422CA9261582}.Debug|Win32.Build.0 = Debug|Win32
		{7D3DE113-A27F-4BBB-8C71-422CA9261582}.Debug|x64.ActiveCfg = Debug|x64
		{7D3DE113-A27F-4BBB-8C71-422CA9261582}.Debug|x64.Build.0 = Debug|x64
		{7D3DE113-A27F-4BBB-8C71-422CA9261582}.Release|Win32.ActiveCfg = Release|Win32
		{7D3DE113-A27F-4BBB-8C71-422CA9261582}.Release|Win32.Build.0 = Release|Win32
		{7D3DE113-A27F-4BBB-8C71-422CA9261582}.Release|x64.ActiveCfg = Release|x64
		{7D3DE113-A27F-4BBB-8C71-422CA9261582}.Release|x64.Build.0 = Release|x64
		{B7F1D766-E636-4FCC-8813-7517C3021765}.Debug|Win32.ActiveCfg = Debug|Win32
		{B7F1D766-E636-4FCC-8813-7517C3021765}.Debug|Win32.Build.0 = Debug|Win32
		{B7F1D766-E636-4FCC-8813-7517C3021765}.Debug|x64.ActiveCfg = Debug|x64
		{B7F1D766-E636-4FCC-8813-7517C3021765}.Debug|x64.Build.0 = Debug|x64
		{B7F1D766-E636-4FCC-8813-7517C3021765}.Release|Win32.ActiveCfg = Release|Win32
		{B7F1D766-E636-4FCC-8813-7517C3021765}.Release|Win32.Build.0 = Release|Win32
		{B7F1D766-E636-4FCC-8813-7517C3021765}.Release|x64.ActiveCfg = Release|x64
		{B7F1D766-E636-4FCC-8813-7517C3021765}.Release|x64.Build.0 = Release|x64
		{67766AB2-4B3C-4007-B2F4-587ADE882C3B}.Debug|Win32.ActiveCfg = Debug|Win32
		{67766AB2-4B3C-4007-B2F4-587ADE882C3B}.Debug|Win32.Build.0 = Debug|Win32
		{67766AB2-4B3C-4007-B2F4-587ADE882C3B}.Debug|x64.ActiveCfg = Debug|x64
		{67766AB2-4B3C-4007-B2F4-587ADE882C3B}.Debug|x64.Build.0 = Debug|x64
		{67766AB2-4B3C-4007-B2F4-587ADE882C3B}.Release|Win32.ActiveCfg = Release|Win32
		{67766AB2-4B3C-4007-B2F4-587ADE882C3B}.Release|Win32.Build.0 = Release|Win32
		{67766AB2-4B3C-4007-B2F4-587ADE882C3B}.Release|x64.ActiveCfg = Release|x64
		{67766AB2-4B3C-4007-B2F4-587ADE882C3B}.Release|x64.Build.0 = Release|x64
		{4BB5B556-97BE-4BFA-BC05-945D76387086}.Debug|Win32.ActiveCfg = Debug|Win32
		{4BB5B556-97BE-4BFA-BC05-945D76387086}.Debug|Win32.Build.0 = Debug|Win32
		{4BB5B556-97BE-4BFA-BC05-945D76387086}.Debug|x64.ActiveCfg = Debug|x64
		{4BB5B556-97BE-4BFA-BC05-945D76387086}.Debug|x64.Build.0 = Debug|x64
		{4BB5B556-97BE-4BFA-BC05-945D76387086}.Release|Win32.ActiveCfg = Release|Win32
		{4BB5B556-97BE-4BFA-BC05-945D76387086}.Release|Win32.Build.0 = Release|Win32
		{4BB5B556-97BE-4BFA-BC05-945D76387086}.Release|x64.ActiveCfg = Release|x64
		{4BB5B556-97BE-4BFA-BC05-945D76387086}.Release|x64.Build.0 = Release|x64
		{F4751869-0CF6-4985-AD84-FC0BC7F9D26C}.Debug|Win32.ActiveCfg = Debug|Win32
		{F4751869-0CF6-4985-AD84-FC0BC7F9D26C}.Debug|Win32.Build.0 = Debug|Win32
		{F4751869-0CF6-4985-AD84-FC0BC7F9D26C}.Debug|x64.ActiveCfg = Debug|x64
		{F4751869-0CF6-4985-AD84-FC0BC7F9D26C}.Debug|x64.Build.0 = Debug|x64
		{F4751869-0CF6-4985-AD84-FC0BC7F9D26C}.Release|Win32.ActiveCfg = Release|Win32
		{F4751869-0CF6-4985-AD84-FC0BC7F9D26C}.Release|Win32.Build.0 = Release|Win32
		{F4751869-0CF6-4985-AD84-FC0BC7F9D26C}.Release|x64.ActiveCfg = Release|x64
		{F4751869-0CF6-4985-AD84-FC0BC7F9D26C}.Release|x64.Build.0 = Release|x64
		{4488A243-62AC-4D94-A86C-14D1D1B3876C}.Debug|Win32.ActiveCfg = Debug|Win32
		{4488A243-62AC-4D94-A86C-14D1D1B3876C}.Debug|Win32.Build.0 = Debug|Win32
		{4488A243-62AC-4D94-A86C-14D1D1B3876C}.Debug|x64.ActiveCfg = Debug|x64
		{4488A243-62AC-4D94-A86C-14D1D1B3876C}.Debug|x64.Build.0 = Debug|x64
		{4488A243-62AC-4D94-A86C-14D1D1B3876C}.Release|Win32.ActiveCfg = Release|Win32
		{4488A243-62AC-4D94-A86C-14D1D1B3876C}.Release|Win32.Build.0 = Release|Win32
		{4488A243-62AC-4D94-A86C-14D1D1B3876C}.Release|x64.ActiveCfg = Release|x64
		{4488A243-62AC-4D94-A86C-14D1D1B3876C}.Release|x64.Build.0 = Release|x64
		{4C1BAA1E-2CE6-4DFC-A37D-AED5EDED5584}.Debug|Win32.ActiveCfg = Debug|Win32
		{4C1BAA1E-2CE6-4DFC-A37D-AED5EDED5584}.Debug|Win32.Build.0 = Debug|Win32
		{4C1BAA1E-2CE6-4DFC-A37D-AED5EDED5584}.Debug|x64.ActiveCfg = Debug|Win32
		{4C1BAA1E-2CE6-4DFC-A37D-AED5EDED5584}.Release|Win32.ActiveCfg = Release|Win32
		{4C1BAA1E-2CE6-4DFC-A37D-AED5EDED5584}.Release|Win32.Build.0 = Release|Win32
		{4C1BAA1E-2CE6-4DFC-A37D-AED5EDED5584}.Release|x64.ActiveCfg = Release|Win32
		{3A9E8119-C030-4732-9CE1-28D6D47B174A}.Debug|Win32.ActiveCfg = Debug|Win32
		{3A9E8119-C030-4732-9CE1-28D6D47B174A}.Debug|Win32.Build.0 = Debug|Win32
		{3A9E8119-C030-4732-9CE1-28D6D47B174A}.Debug|x64.ActiveCfg = Debug|Win32
		{3A9E8119-C030-4732-9CE1-28D6D47B174A}.Release|Win32.ActiveCfg = Release|Win32
		{3A9E8119-C030-4732-9CE1-28D6D47B174A}.Release|Win32.Build.0 = Release|Win32
		{3A9E8119-C030-4732-9CE1-28D6D47B174A}.Release|x64.ActiveCfg = Release|Win32
		{B94F1B7F-9A2F-4807-B448-C99ACA70A6F2}.Debug|Win32.ActiveCfg = Debug|Win32
		{B94F1B7F-9A2F-4807-B448-C99ACA70A6F2}.Debug|Win32.Build.0 = Debug|Win32
		{B94F1B7F-9A2F-4807-B448-C99ACA70A6F2}.Debug|x64.ActiveCfg = Debug|Win32
		{B94F1B7F-9A2F-4807-B448-C99ACA70A6F2}.Release|Win32.ActiveCfg = Release|Win32
		{B94F1B7F-9A2F-4807-B448-C99ACA70A6F2}.Release|Win32.Build.0 = Release|Win32
		{B94F1B7F-9A2F-4807-B448-C99ACA70A6F2}.Release|x64.ActiveCfg = Release|Win32
		{46EE1F1E-680D-4021-AAAA-564BDFDFD573}.Debug|Win32.ActiveCfg = Debug|Win32
		{46EE1F1E-680D-4021-AAAA-564BDFDFD573}.Debug|Win32.Build.0 = Debug|Win32
		{46EE1F1E-680D-4021-AAAA-564BDFDFD573}.Debug|x64.ActiveCfg = Debug|Win32
		{46EE1F1E-680D-4021-AAAA-564BDFDFD573}.Release|Win32.ActiveCfg = Release|Win32
		{46EE1F1E-680D-4021-AAAA-564BDFDFD573}.Release|Win32.Build.0 = Release|Win32
		{46EE1F1E-680D-4021-AAAA-564BDFDFD573}.Release|x64.ActiveCfg = Release|Win32
		{4066D1E3-984D-4006-8358-E32240E5F0A5}.Debug|Win32.ActiveCfg = Debug|Win32
		{4066D1E3-984D-4006-8358-E32240E5F0A5}.Debug|Win32.Build.0 = Debug|Win32
		{4066D1E3-984D-4006-8358-E32240E5F0A5}.Debug|x64.ActiveCfg = Debug|Win32
		{4066D1E3-984D-4006-8358-E32240E5F0A5}.Release|Win32.ActiveCfg = Release|Win32
		{4066D1E3-984D-4006-8358-E32240E5F0A5}.Release|Win32.Build.0 = Release|Win32
		{4066D1E3-984D-4006-8358-E32240E5F0A5}.Release|x64.ActiveCfg = Release|Win32
		{1BB0E7A3-0C24-406F-AE6B-CBD97E62196C}.Debug|Win32.ActiveCfg = Debug|Win32
		{1BB0E7A3-0C24-406F-AE6B-CBD97E62196C}.Debug|Win32.Build.0 = Debug|Win32
		{1BB0E7A3-0C24-406F-AE6B-CBD97E62196C}.Debug|x64.ActiveCfg = Debug|Win32
		{1BB0E7A3-0C24-406F-AE6B-CBD97E62196C}.Release|Win32.ActiveCfg = Release|Win32
		{1BB0E7A3-0C24-406F-AE6B-CBD97E62196C}.Release|Win32.Build.0 = Release|Win32
		{1BB0E7A3-0C24-406F-AE6B-CBD97E62196C}.Release|x64.ActiveCfg = Release|Win32
	EndGlobalSection
	GlobalSection(SolutionProperties) = preSolution
		HideSolutionNode = FALSE
	EndGlobalSection
EndGlobal
